schema: '2.0'
stages:
  make_dataset:
    cmd: python src/data/make_dataset.py
    deps:
    - path: data/raw/case_study1.xlsx
      hash: md5
      md5: 0826d1bf9d2604ec81984d79828caed6
      size: 5382959
    - path: data/raw/case_study2.xlsx
      hash: md5
      md5: 3c5a697f00f4fdeb14a291d555881d59
      size: 13268022
    - path: src/data/make_dataset.py
      hash: md5
      md5: 9a17f78b106fbf99390cab0c1e5070a8
      size: 1147
    outs:
    - path: data/interim/merged.csv
      hash: md5
      md5: 2d551c1947ae70dca600c6f56fcf9094
      size: 14079050
  build_features:
    cmd: python src/features/build_features.py
    deps:
    - path: data/interim/merged.csv
      hash: md5
      md5: 2d551c1947ae70dca600c6f56fcf9094
      size: 14079050
    - path: src/features/build_features.py
      hash: md5
      md5: b4930956354a08bbb4e8e8e9cc961d53
      size: 8876
    outs:
    - path: data/interim/features.csv
      hash: md5
      md5: 5bfb4f7d6e35fda41f67ad2d35c058f6
      size: 6024866
